
Microsoft Visual Studio Solution File, Format Version 12.00
# Visual Studio Version 17
VisualStudioVersion = 17.0.31903.59
MinimumVisualStudioVersion = 10.0.40219.1
Project("{FAE04EC0-301F-11D3-BF4B-00C04F79EFBC}") = "XmlGetSplit", "XmlGetSplit.csproj", "{749d7ab1-feca-4f33-98ee-482b1ee0026a}"
EndProject
Global
	GlobalSection(SolutionConfigurationPlatforms) = preSolution
		Debug|Any CPU = Debug|Any CPU
		Release|Any CPU = Release|Any CPU
	EndGlobalSection
	GlobalSection(ProjectConfigurationPlatforms) = postSolution
		{749d7ab1-feca-4f33-98ee-482b1ee0026a}.Debug|Any CPU.ActiveCfg = Debug|Any CPU
		{749d7ab1-feca-4f33-98ee-482b1ee0026a}.Debug|Any CPU.Build.0 = Debug|Any CPU
		{749d7ab1-feca-4f33-98ee-482b1ee0026a}.Release|Any CPU.ActiveCfg = Release|Any CPU
		{749d7ab1-feca-4f33-98ee-482b1ee0026a}.Release|Any CPU.Build.0 = Release|Any CPU
	EndGlobalSection
	GlobalSection(SolutionProperties) = preSolution
		HideSolutionNode = FALSE
	EndGlobalSection
EndGlobal
